
Microsoft Visual Studio Solution File, Format Version 12.00
# Visual Studio Version 17
VisualStudioVersion = 17.14.36408.4 d17.14
MinimumVisualStudioVersion = 10.0.40219.1
Project("{FAE04EC0-301F-11D3-BF4B-00C04F79EFBC}") = "RealEstate.Api", "RealEstate.Api\RealEstate.Api.csproj", "{2D19585D-6E35-421E-AFF4-A55241AE62F6}"
EndProject
Project("{FAE04EC0-301F-11D3-BF4B-00C04F79EFBC}") = "RealEstate.Application", "RealEstate.Application\RealEstate.Application.csproj", "{84513C65-52C4-49E6-82F9-1A13DEEA9D64}"
EndProject
Project("{FAE04EC0-301F-11D3-BF4B-00C04F79EFBC}") = "RealEstate.Domain", "RealEstate.Domain\RealEstate.Domain.csproj", "{06E755B8-6C38-43C1-962F-C86D5E1D8B3A}"
EndProject
Project("{FAE04EC0-301F-11D3-BF4B-00C04F79EFBC}") = "RealEstate.Infrastructure", "RealEstate.Infrastructure\RealEstate.Infrastructure.csproj", "{281FDD2C-C851-4C5B-A4F1-902BADD2C8CD}"
EndProject
Project("{FAE04EC0-301F-11D3-BF4B-00C04F79EFBC}") = "RealEstate.Tests", "RealEstate.Tests\RealEstate.Tests.csproj", "{89F82D05-E87E-4538-A603-CEA768721407}"
EndProject
Global
	GlobalSection(SolutionConfigurationPlatforms) = preSolution
		Debug|Any CPU = Debug|Any CPU
		Release|Any CPU = Release|Any CPU
	EndGlobalSection
	GlobalSection(ProjectConfigurationPlatforms) = postSolution
		{2D19585D-6E35-421E-AFF4-A55241AE62F6}.Debug|Any CPU.ActiveCfg = Debug|Any CPU
		{2D19585D-6E35-421E-AFF4-A55241AE62F6}.Debug|Any CPU.Build.0 = Debug|Any CPU
		{2D19585D-6E35-421E-AFF4-A55241AE62F6}.Release|Any CPU.ActiveCfg = Release|Any CPU
		{2D19585D-6E35-421E-AFF4-A55241AE62F6}.Release|Any CPU.Build.0 = Release|Any CPU
		{84513C65-52C4-49E6-82F9-1A13DEEA9D64}.Debug|Any CPU.ActiveCfg = Debug|Any CPU
		{84513C65-52C4-49E6-82F9-1A13DEEA9D64}.Debug|Any CPU.Build.0 = Debug|Any CPU
		{84513C65-52C4-49E6-82F9-1A13DEEA9D64}.Release|Any CPU.ActiveCfg = Release|Any CPU
		{84513C65-52C4-49E6-82F9-1A13DEEA9D64}.Release|Any CPU.Build.0 = Release|Any CPU
		{06E755B8-6C38-43C1-962F-C86D5E1D8B3A}.Debug|Any CPU.ActiveCfg = Debug|Any CPU
		{06E755B8-6C38-43C1-962F-C86D5E1D8B3A}.Debug|Any CPU.Build.0 = Debug|Any CPU
		{06E755B8-6C38-43C1-962F-C86D5E1D8B3A}.Release|Any CPU.ActiveCfg = Release|Any CPU
		{06E755B8-6C38-43C1-962F-C86D5E1D8B3A}.Release|Any CPU.Build.0 = Release|Any CPU
		{281FDD2C-C851-4C5B-A4F1-902BADD2C8CD}.Debug|Any CPU.ActiveCfg = Debug|Any CPU
		{281FDD2C-C851-4C5B-A4F1-902BADD2C8CD}.Debug|Any CPU.Build.0 = Debug|Any CPU
		{281FDD2C-C851-4C5B-A4F1-902BADD2C8CD}.Release|Any CPU.ActiveCfg = Release|Any CPU
		{281FDD2C-C851-4C5B-A4F1-902BADD2C8CD}.Release|Any CPU.Build.0 = Release|Any CPU
		{89F82D05-E87E-4538-A603-CEA768721407}.Debug|Any CPU.ActiveCfg = Debug|Any CPU
		{89F82D05-E87E-4538-A603-CEA768721407}.Debug|Any CPU.Build.0 = Debug|Any CPU
		{89F82D05-E87E-4538-A603-CEA768721407}.Release|Any CPU.ActiveCfg = Release|Any CPU
		{89F82D05-E87E-4538-A603-CEA768721407}.Release|Any CPU.Build.0 = Release|Any CPU
	EndGlobalSection
	GlobalSection(SolutionProperties) = preSolution
		HideSolutionNode = FALSE
	EndGlobalSection
	GlobalSection(ExtensibilityGlobals) = postSolution
		SolutionGuid = {76F21158-6C6F-4590-931E-A9F7DA83744D}
	EndGlobalSection
EndGlobal
